
Microsoft Visual Studio Solution File, Format Version 12.00
# Visual Studio Version 17
VisualStudioVersion = 17.5.33627.172
MinimumVisualStudioVersion = 10.0.40219.1
Project("{9A19103F-16F7-4668-BE54-9A1E7A4F7556}") = "Core", "Core\Core.csproj", "{AECE2BB6-C681-46B2-92BA-5AC2F6D04D0E}"
EndProject
Project("{9A19103F-16F7-4668-BE54-9A1E7A4F7556}") = "Entities", "Entities\Entities.csproj", "{8F9B7EE0-4529-4A1C-96AC-13BAB2DB4DA8}"
EndProject
Project("{9A19103F-16F7-4668-BE54-9A1E7A4F7556}") = "Business", "Business\Business.csproj", "{E517F13F-2BCF-4CA6-A16A-333F94C0E418}"
EndProject
Project("{9A19103F-16F7-4668-BE54-9A1E7A4F7556}") = "ConsoleUI", "ConsoleUI\ConsoleUI.csproj", "{2397ADB2-B46B-46AE-BD61-FA052F3D73A6}"
EndProject
Project("{9A19103F-16F7-4668-BE54-9A1E7A4F7556}") = "DataAccess", "DataAccess\DataAccess.csproj", "{A9CB166D-9D1C-4522-A805-47629B4867EA}"
EndProject
Project("{FAE04EC0-301F-11D3-BF4B-00C04F79EFBC}") = "WebAPI", "WebAPI\WebAPI.csproj", "{604D03E0-4109-4DF1-8764-5CF6806C3BD0}"
EndProject
Global
	GlobalSection(SolutionConfigurationPlatforms) = preSolution
		Debug|Any CPU = Debug|Any CPU
		Release|Any CPU = Release|Any CPU
	EndGlobalSection
	GlobalSection(ProjectConfigurationPlatforms) = postSolution
		{AECE2BB6-C681-46B2-92BA-5AC2F6D04D0E}.Debug|Any CPU.ActiveCfg = Debug|Any CPU
		{AECE2BB6-C681-46B2-92BA-5AC2F6D04D0E}.Debug|Any CPU.Build.0 = Debug|Any CPU
		{AECE2BB6-C681-46B2-92BA-5AC2F6D04D0E}.Release|Any CPU.ActiveCfg = Release|Any CPU
		{AECE2BB6-C681-46B2-92BA-5AC2F6D04D0E}.Release|Any CPU.Build.0 = Release|Any CPU
		{8F9B7EE0-4529-4A1C-96AC-13BAB2DB4DA8}.Debug|Any CPU.ActiveCfg = Debug|Any CPU
		{8F9B7EE0-4529-4A1C-96AC-13BAB2DB4DA8}.Debug|Any CPU.Build.0 = Debug|Any CPU
		{8F9B7EE0-4529-4A1C-96AC-13BAB2DB4DA8}.Release|Any CPU.ActiveCfg = Release|Any CPU
		{8F9B7EE0-4529-4A1C-96AC-13BAB2DB4DA8}.Release|Any CPU.Build.0 = Release|Any CPU
		{E517F13F-2BCF-4CA6-A16A-333F94C0E418}.Debug|Any CPU.ActiveCfg = Debug|Any CPU
		{E517F13F-2BCF-4CA6-A16A-333F94C0E418}.Debug|Any CPU.Build.0 = Debug|Any CPU
		{E517F13F-2BCF-4CA6-A16A-333F94C0E418}.Release|Any CPU.ActiveCfg = Release|Any CPU
		{E517F13F-2BCF-4CA6-A16A-333F94C0E418}.Release|Any CPU.Build.0 = Release|Any CPU
		{2397ADB2-B46B-46AE-BD61-FA052F3D73A6}.Debug|Any CPU.ActiveCfg = Debug|Any CPU
		{2397ADB2-B46B-46AE-BD61-FA052F3D73A6}.Debug|Any CPU.Build.0 = Debug|Any CPU
		{2397ADB2-B46B-46AE-BD61-FA052F3D73A6}.Release|Any CPU.ActiveCfg = Release|Any CPU
		{2397ADB2-B46B-46AE-BD61-FA052F3D73A6}.Release|Any CPU.Build.0 = Release|Any CPU
		{A9CB166D-9D1C-4522-A805-47629B4867EA}.Debug|Any CPU.ActiveCfg = Debug|Any CPU
		{A9CB166D-9D1C-4522-A805-47629B4867EA}.Debug|Any CPU.Build.0 = Debug|Any CPU
		{A9CB166D-9D1C-4522-A805-47629B4867EA}.Release|Any CPU.ActiveCfg = Release|Any CPU
		{A9CB166D-9D1C-4522-A805-47629B4867EA}.Release|Any CPU.Build.0 = Release|Any CPU
		{604D03E0-4109-4DF1-8764-5CF6806C3BD0}.Debug|Any CPU.ActiveCfg = Debug|Any CPU
		{604D03E0-4109-4DF1-8764-5CF6806C3BD0}.Debug|Any CPU.Build.0 = Debug|Any CPU
		{604D03E0-4109-4DF1-8764-5CF6806C3BD0}.Release|Any CPU.ActiveCfg = Release|Any CPU
		{604D03E0-4109-4DF1-8764-5CF6806C3BD0}.Release|Any CPU.Build.0 = Release|Any CPU
	EndGlobalSection
	GlobalSection(SolutionProperties) = preSolution
		HideSolutionNode = FALSE
	EndGlobalSection
	GlobalSection(ExtensibilityGlobals) = postSolution
		SolutionGuid = {218F5AEA-DFD2-4131-8095-C54FCE5FE913}
	EndGlobalSection
EndGlobal
